// !$*UTF8*$!
{
	archiveVersion = 1;
	classes = {
	};
	objectVersion = 56;
	objects = {

/* Begin PBXBuildFile section */
		A10000000000000000000001 /* VTI_macOSApp.swift in Sources */ = {isa = PBXBuildFile; fileRef = B10000000000000000000001 /* VTI_macOSApp.swift */; };
		A10000000000000000000002 /* RepositorySettingsView.swift in Sources */ = {isa = PBXBuildFile; fileRef = B10000000000000000000002 /* RepositorySettingsView.swift */; };
		A10000000000000000000003 /* EserciziarioView.swift in Sources */ = {isa = PBXBuildFile; fileRef = B10000000000000000000003 /* EserciziarioView.swift */; };
		A10000000000000000000004 /* TestView.swift in Sources */ = {isa = PBXBuildFile; fileRef = B10000000000000000000004 /* TestView.swift */; };
		A10000000000000000000005 /* QuesitiView.swift in Sources */ = {isa = PBXBuildFile; fileRef = B10000000000000000000005 /* QuesitiView.swift */; };
		A10000000000000000000006 /* HomeView.swift in Sources */ = {isa = PBXBuildFile; fileRef = B10000000000000000000006 /* HomeView.swift */; };
		A10000000000000000000007 /* RootContentView.swift in Sources */ = {isa = PBXBuildFile; fileRef = B10000000000000000000007 /* RootContentView.swift */; };
		A10000000000000000000008 /* StatusBannerView.swift in Sources */ = {isa = PBXBuildFile; fileRef = B10000000000000000000008 /* StatusBannerView.swift */; };
		A10000000000000000000019 /* ProcessingOverlayView.swift in Sources */ = {isa = PBXBuildFile; fileRef = B1000000000000000000001A /* ProcessingOverlayView.swift */; };
		A1000000000000000000001C /* QuesitoPreviewService.swift in Sources */ = {isa = PBXBuildFile; fileRef = B1000000000000000000001C /* QuesitoPreviewService.swift */; };
		A1000000000000000000001D /* QuesitoPreviewPNGExporter.swift in Sources */ = {isa = PBXBuildFile; fileRef = B1000000000000000000001D /* QuesitoPreviewPNGExporter.swift */; };
		A1000000000000000000001E /* QuesitoPDFPreviewView.swift in Sources */ = {isa = PBXBuildFile; fileRef = B1000000000000000000001E /* QuesitoPDFPreviewView.swift */; };
		A1000000000000000000001F /* QuesitoPreviewTemplate.tex in Resources */ = {isa = PBXBuildFile; fileRef = B1000000000000000000001F /* QuesitoPreviewTemplate.tex */; };
		A10000000000000000000020 /* TestQuesitoUsageStore.swift in Sources */ = {isa = PBXBuildFile; fileRef = B10000000000000000000020 /* TestQuesitoUsageStore.swift */; };
		A10000000000000000000009 /* EserciziarioViewModel.swift in Sources */ = {isa = PBXBuildFile; fileRef = B10000000000000000000009 /* EserciziarioViewModel.swift */; };
		A1000000000000000000000A /* TestViewModel.swift in Sources */ = {isa = PBXBuildFile; fileRef = B1000000000000000000000A /* TestViewModel.swift */; };
		A1000000000000000000000B /* QuesitiViewModel.swift in Sources */ = {isa = PBXBuildFile; fileRef = B1000000000000000000000B /* QuesitiViewModel.swift */; };
		A1000000000000000000000C /* AppViewModel.swift in Sources */ = {isa = PBXBuildFile; fileRef = B1000000000000000000000C /* AppViewModel.swift */; };
		A1000000000000000000000D /* EserciziarioGeneratorService.swift in Sources */ = {isa = PBXBuildFile; fileRef = B1000000000000000000000D /* EserciziarioGeneratorService.swift */; };
		A1000000000000000000000E /* TestGeneratorService.swift in Sources */ = {isa = PBXBuildFile; fileRef = B1000000000000000000000E /* TestGeneratorService.swift */; };
		A1000000000000000000000F /* PDFCompilerService.swift in Sources */ = {isa = PBXBuildFile; fileRef = B1000000000000000000000F /* PDFCompilerService.swift */; };
		A10000000000000000000010 /* LaTeXService.swift in Sources */ = {isa = PBXBuildFile; fileRef = B10000000000000000000010 /* LaTeXService.swift */; };
		A10000000000000000000011 /* QuesitoWriterService.swift in Sources */ = {isa = PBXBuildFile; fileRef = B10000000000000000000011 /* QuesitoWriterService.swift */; };
		A10000000000000000000012 /* QuesitoParserService.swift in Sources */ = {isa = PBXBuildFile; fileRef = B10000000000000000000012 /* QuesitoParserService.swift */; };
		A10000000000000000000013 /* RepositoryService.swift in Sources */ = {isa = PBXBuildFile; fileRef = B10000000000000000000013 /* RepositoryService.swift */; };
		A10000000000000000000014 /* Quesito.swift in Sources */ = {isa = PBXBuildFile; fileRef = B10000000000000000000014 /* Quesito.swift */; };
		A10000000000000000000015 /* Materia.swift in Sources */ = {isa = PBXBuildFile; fileRef = B10000000000000000000015 /* Materia.swift */; };
		A10000000000000000000016 /* AppError.swift in Sources */ = {isa = PBXBuildFile; fileRef = B10000000000000000000016 /* AppError.swift */; };
		A10000000000000000000017 /* TestTemplate.tex in Resources */ = {isa = PBXBuildFile; fileRef = B10000000000000000000017 /* TestTemplate.tex */; };
		A10000000000000000000018 /* EserciziarioTemplate.tex in Resources */ = {isa = PBXBuildFile; fileRef = B10000000000000000000018 /* EserciziarioTemplate.tex */; };
		A10000000000000000000021 /* Assets.xcassets in Resources */ = {isa = PBXBuildFile; fileRef = B10000000000000000000021 /* Assets.xcassets */; };
/* End PBXBuildFile section */

/* Begin PBXFileReference section */
		B10000000000000000000001 /* VTI_macOSApp.swift */ = {isa = PBXFileReference; lastKnownFileType = sourcecode.swift; path = VTI_macOSApp.swift; sourceTree = "<group>"; };
		B10000000000000000000002 /* RepositorySettingsView.swift */ = {isa = PBXFileReference; lastKnownFileType = sourcecode.swift; path = RepositorySettingsView.swift; sourceTree = "<group>"; };
		B10000000000000000000003 /* EserciziarioView.swift */ = {isa = PBXFileReference; lastKnownFileType = sourcecode.swift; path = EserciziarioView.swift; sourceTree = "<group>"; };
		B10000000000000000000004 /* TestView.swift */ = {isa = PBXFileReference; lastKnownFileType = sourcecode.swift; path = TestView.swift; sourceTree = "<group>"; };
		B10000000000000000000005 /* QuesitiView.swift */ = {isa = PBXFileReference; lastKnownFileType = sourcecode.swift; path = QuesitiView.swift; sourceTree = "<group>"; };
		B10000000000000000000006 /* HomeView.swift */ = {isa = PBXFileReference; lastKnownFileType = sourcecode.swift; path = HomeView.swift; sourceTree = "<group>"; };
		B10000000000000000000007 /* RootContentView.swift */ = {isa = PBXFileReference; lastKnownFileType = sourcecode.swift; path = RootContentView.swift; sourceTree = "<group>"; };
		B10000000000000000000008 /* StatusBannerView.swift */ = {isa = PBXFileReference; lastKnownFileType = sourcecode.swift; path = StatusBannerView.swift; sourceTree = "<group>"; };
		B1000000000000000000001A /* ProcessingOverlayView.swift */ = {isa = PBXFileReference; lastKnownFileType = sourcecode.swift; path = ProcessingOverlayView.swift; sourceTree = "<group>"; };
		B1000000000000000000001C /* QuesitoPreviewService.swift */ = {isa = PBXFileReference; lastKnownFileType = sourcecode.swift; path = QuesitoPreviewService.swift; sourceTree = "<group>"; };
		B1000000000000000000001D /* QuesitoPreviewPNGExporter.swift */ = {isa = PBXFileReference; lastKnownFileType = sourcecode.swift; path = QuesitoPreviewPNGExporter.swift; sourceTree = "<group>"; };
		B1000000000000000000001E /* QuesitoPDFPreviewView.swift */ = {isa = PBXFileReference; lastKnownFileType = sourcecode.swift; path = QuesitoPDFPreviewView.swift; sourceTree = "<group>"; };
		B1000000000000000000001F /* QuesitoPreviewTemplate.tex */ = {isa = PBXFileReference; lastKnownFileType = text; path = QuesitoPreviewTemplate.tex; sourceTree = "<group>"; };
		B10000000000000000000020 /* TestQuesitoUsageStore.swift */ = {isa = PBXFileReference; lastKnownFileType = sourcecode.swift; path = TestQuesitoUsageStore.swift; sourceTree = "<group>"; };
		B10000000000000000000009 /* EserciziarioViewModel.swift */ = {isa = PBXFileReference; lastKnownFileType = sourcecode.swift; path = EserciziarioViewModel.swift; sourceTree = "<group>"; };
		B1000000000000000000000A /* TestViewModel.swift */ = {isa = PBXFileReference; lastKnownFileType = sourcecode.swift; path = TestViewModel.swift; sourceTree = "<group>"; };
		B1000000000000000000000B /* QuesitiViewModel.swift */ = {isa = PBXFileReference; lastKnownFileType = sourcecode.swift; path = QuesitiViewModel.swift; sourceTree = "<group>"; };
		B1000000000000000000000C /* AppViewModel.swift */ = {isa = PBXFileReference; lastKnownFileType = sourcecode.swift; path = AppViewModel.swift; sourceTree = "<group>"; };
		B1000000000000000000000D /* EserciziarioGeneratorService.swift */ = {isa = PBXFileReference; lastKnownFileType = sourcecode.swift; path = EserciziarioGeneratorService.swift; sourceTree = "<group>"; };
		B1000000000000000000000E /* TestGeneratorService.swift */ = {isa = PBXFileReference; lastKnownFileType = sourcecode.swift; path = TestGeneratorService.swift; sourceTree = "<group>"; };
		B1000000000000000000000F /* PDFCompilerService.swift */ = {isa = PBXFileReference; lastKnownFileType = sourcecode.swift; path = PDFCompilerService.swift; sourceTree = "<group>"; };
		B10000000000000000000010 /* LaTeXService.swift */ = {isa = PBXFileReference; lastKnownFileType = sourcecode.swift; path = LaTeXService.swift; sourceTree = "<group>"; };
		B10000000000000000000011 /* QuesitoWriterService.swift */ = {isa = PBXFileReference; lastKnownFileType = sourcecode.swift; path = QuesitoWriterService.swift; sourceTree = "<group>"; };
		B10000000000000000000012 /* QuesitoParserService.swift */ = {isa = PBXFileReference; lastKnownFileType = sourcecode.swift; path = QuesitoParserService.swift; sourceTree = "<group>"; };
		B10000000000000000000013 /* RepositoryService.swift */ = {isa = PBXFileReference; lastKnownFileType = sourcecode.swift; path = RepositoryService.swift; sourceTree = "<group>"; };
		B10000000000000000000014 /* Quesito.swift */ = {isa = PBXFileReference; lastKnownFileType = sourcecode.swift; path = Quesito.swift; sourceTree = "<group>"; };
		B10000000000000000000015 /* Materia.swift */ = {isa = PBXFileReference; lastKnownFileType = sourcecode.swift; path = Materia.swift; sourceTree = "<group>"; };
		B10000000000000000000016 /* AppError.swift */ = {isa = PBXFileReference; lastKnownFileType = sourcecode.swift; path = AppError.swift; sourceTree = "<group>"; };
		B10000000000000000000017 /* TestTemplate.tex */ = {isa = PBXFileReference; lastKnownFileType = text; path = TestTemplate.tex; sourceTree = "<group>"; };
		B10000000000000000000018 /* EserciziarioTemplate.tex */ = {isa = PBXFileReference; lastKnownFileType = text; path = EserciziarioTemplate.tex; sourceTree = "<group>"; };
		B10000000000000000000019 /* VTI.app */ = {isa = PBXFileReference; explicitFileType = wrapper.application; includeInIndex = 0; path = "VTI.app"; sourceTree = BUILT_PRODUCTS_DIR; };
		B10000000000000000000021 /* Assets.xcassets */ = {isa = PBXFileReference; lastKnownFileType = folder.assetcatalog; path = Assets.xcassets; sourceTree = "<group>"; };
/* End PBXFileReference section */

/* Begin PBXFrameworksBuildPhase section */
		C10000000000000000000001 /* Frameworks */ = {
			isa = PBXFrameworksBuildPhase;
			buildActionMask = 2147483647;
			files = (
			);
			runOnlyForDeploymentPostprocessing = 0;
		};
/* End PBXFrameworksBuildPhase section */

/* Begin PBXGroup section */
		D10000000000000000000001 = {
			isa = PBXGroup;
			children = (
				D10000000000000000000002 /* VTI */,
				D1000000000000000000000C /* Products */,
			);
			sourceTree = "<group>";
		};
		D10000000000000000000002 /* VTI */ = {
			isa = PBXGroup;
			children = (
				B10000000000000000000021 /* Assets.xcassets */,
				B10000000000000000000001 /* VTI_macOSApp.swift */,
				D10000000000000000000003 /* App */,
				D10000000000000000000004 /* Models */,
				D10000000000000000000005 /* ViewModels */,
				D10000000000000000000006 /* Views */,
				D10000000000000000000007 /* Home */,
				D10000000000000000000008 /* Quesiti */,
				D10000000000000000000009 /* Test */,
				D1000000000000000000000A /* Eserciziario */,
				D1000000000000000000000B /* Settings */,
				D1000000000000000000000D /* Services */,
				D1000000000000000000000E /* Utils */,
				D1000000000000000000000F /* Resources */,
			);
			path = "VTI";
			sourceTree = "<group>";
		};
		D10000000000000000000003 /* App */ = {
			isa = PBXGroup;
			children = (
			);
			path = App;
			sourceTree = "<group>";
		};
		D10000000000000000000004 /* Models */ = {
			isa = PBXGroup;
			children = (
				B10000000000000000000015 /* Materia.swift */,
				B10000000000000000000014 /* Quesito.swift */,
			);
			path = Models;
			sourceTree = "<group>";
		};
		D10000000000000000000005 /* ViewModels */ = {
			isa = PBXGroup;
			children = (
				B1000000000000000000000C /* AppViewModel.swift */,
				B1000000000000000000000B /* QuesitiViewModel.swift */,
				B1000000000000000000000A /* TestViewModel.swift */,
				B10000000000000000000009 /* EserciziarioViewModel.swift */,
			);
			path = ViewModels;
			sourceTree = "<group>";
		};
		D10000000000000000000006 /* Views */ = {
			isa = PBXGroup;
			children = (
				B10000000000000000000007 /* RootContentView.swift */,
				B10000000000000000000008 /* StatusBannerView.swift */,
				B1000000000000000000001A /* ProcessingOverlayView.swift */,
				B1000000000000000000001E /* QuesitoPDFPreviewView.swift */,
			);
			path = Views;
			sourceTree = "<group>";
		};
		D10000000000000000000007 /* Home */ = {
			isa = PBXGroup;
			children = (
				B10000000000000000000006 /* HomeView.swift */,
			);
			path = Home;
			sourceTree = "<group>";
		};
		D10000000000000000000008 /* Quesiti */ = {
			isa = PBXGroup;
			children = (
				B10000000000000000000005 /* QuesitiView.swift */,
			);
			path = Quesiti;
			sourceTree = "<group>";
		};
		D10000000000000000000009 /* Test */ = {
			isa = PBXGroup;
			children = (
				B10000000000000000000004 /* TestView.swift */,
			);
			path = Test;
			sourceTree = "<group>";
		};
		D1000000000000000000000A /* Eserciziario */ = {
			isa = PBXGroup;
			children = (
				B10000000000000000000003 /* EserciziarioView.swift */,
			);
			path = Eserciziario;
			sourceTree = "<group>";
		};
		D1000000000000000000000B /* Settings */ = {
			isa = PBXGroup;
			children = (
				B10000000000000000000002 /* RepositorySettingsView.swift */,
			);
			path = Settings;
			sourceTree = "<group>";
		};
		D1000000000000000000000C /* Products */ = {
			isa = PBXGroup;
			children = (
				B10000000000000000000019 /* VTI.app */,
			);
			name = Products;
			sourceTree = "<group>";
		};
		D1000000000000000000000D /* Services */ = {
			isa = PBXGroup;
			children = (
				B10000000000000000000013 /* RepositoryService.swift */,
				B10000000000000000000012 /* QuesitoParserService.swift */,
				B10000000000000000000011 /* QuesitoWriterService.swift */,
				B10000000000000000000010 /* LaTeXService.swift */,
				B1000000000000000000000F /* PDFCompilerService.swift */,
				B1000000000000000000000E /* TestGeneratorService.swift */,
				B1000000000000000000000D /* EserciziarioGeneratorService.swift */,
				B1000000000000000000001C /* QuesitoPreviewService.swift */,
				B1000000000000000000001D /* QuesitoPreviewPNGExporter.swift */,
				B10000000000000000000020 /* TestQuesitoUsageStore.swift */,
			);
			path = Services;
			sourceTree = "<group>";
		};
		D1000000000000000000000E /* Utils */ = {
			isa = PBXGroup;
			children = (
				B10000000000000000000016 /* AppError.swift */,
			);
			path = Utils;
			sourceTree = "<group>";
		};
		D1000000000000000000000F /* Resources */ = {
			isa = PBXGroup;
			children = (
				D10000000000000000000010 /* Templates */,
			);
			path = Resources;
			sourceTree = "<group>";
		};
		D10000000000000000000010 /* Templates */ = {
			isa = PBXGroup;
			children = (
				B10000000000000000000017 /* TestTemplate.tex */,
				B10000000000000000000018 /* EserciziarioTemplate.tex */,
				B1000000000000000000001F /* QuesitoPreviewTemplate.tex */,
			);
			path = Templates;
			sourceTree = "<group>";
		};
/* End PBXGroup section */

/* Begin PBXNativeTarget section */
		E10000000000000000000001 /* VTI */ = {
			isa = PBXNativeTarget;
			buildConfigurationList = F10000000000000000000002 /* Build configuration list for PBXNativeTarget "VTI" */;
			buildPhases = (
				C10000000000000000000002 /* Sources */,
				C10000000000000000000001 /* Frameworks */,
				C10000000000000000000003 /* Resources */,
			);
			buildRules = (
			);
			dependencies = (
			);
			name = "VTI";
			productName = "VTI";
			productReference = B10000000000000000000019 /* VTI.app */;
			productType = "com.apple.product-type.application";
		};
/* End PBXNativeTarget section */

/* Begin PBXProject section */
		E10000000000000000000002 /* Project object */ = {
			isa = PBXProject;
			attributes = {
				BuildIndependentTargetsInParallel = 1;
				LastSwiftUpdateCheck = 1600;
				LastUpgradeCheck = 1600;
				TargetAttributes = {
					E10000000000000000000001 = {
						CreatedOnToolsVersion = 16.0;
					};
				};
			};
			buildConfigurationList = F10000000000000000000001 /* Build configuration list for PBXProject "VTI" */;
			compatibilityVersion = "Xcode 14.0";
			developmentRegion = en;
			hasScannedForEncodings = 0;
			knownRegions = (
				en,
				Base,
			);
			mainGroup = D10000000000000000000001;
			productRefGroup = D1000000000000000000000C /* Products */;
			projectDirPath = "";
			projectRoot = "";
			targets = (
				E10000000000000000000001 /* VTI */,
			);
		};
/* End PBXProject section */

/* Begin PBXResourcesBuildPhase section */
		C10000000000000000000003 /* Resources */ = {
			isa = PBXResourcesBuildPhase;
			buildActionMask = 2147483647;
			files = (
				A10000000000000000000021 /* Assets.xcassets in Resources */,
				A10000000000000000000017 /* TestTemplate.tex in Resources */,
				A10000000000000000000018 /* EserciziarioTemplate.tex in Resources */,
				A1000000000000000000001F /* QuesitoPreviewTemplate.tex in Resources */,
			);
			runOnlyForDeploymentPostprocessing = 0;
		};
/* End PBXResourcesBuildPhase section */

/* Begin PBXSourcesBuildPhase section */
		C10000000000000000000002 /* Sources */ = {
			isa = PBXSourcesBuildPhase;
			buildActionMask = 2147483647;
			files = (
				A10000000000000000000001 /* VTI_macOSApp.swift in Sources */,
				A10000000000000000000002 /* RepositorySettingsView.swift in Sources */,
				A10000000000000000000003 /* EserciziarioView.swift in Sources */,
				A10000000000000000000004 /* TestView.swift in Sources */,
				A10000000000000000000005 /* QuesitiView.swift in Sources */,
				A10000000000000000000006 /* HomeView.swift in Sources */,
				A10000000000000000000007 /* RootContentView.swift in Sources */,
				A10000000000000000000008 /* StatusBannerView.swift in Sources */,
				A10000000000000000000019 /* ProcessingOverlayView.swift in Sources */,
				A1000000000000000000001C /* QuesitoPreviewService.swift in Sources */,
				A1000000000000000000001D /* QuesitoPreviewPNGExporter.swift in Sources */,
				A1000000000000000000001E /* QuesitoPDFPreviewView.swift in Sources */,
				A10000000000000000000020 /* TestQuesitoUsageStore.swift in Sources */,
				A10000000000000000000009 /* EserciziarioViewModel.swift in Sources */,
				A1000000000000000000000A /* TestViewModel.swift in Sources */,
				A1000000000000000000000B /* QuesitiViewModel.swift in Sources */,
				A1000000000000000000000C /* AppViewModel.swift in Sources */,
				A1000000000000000000000D /* EserciziarioGeneratorService.swift in Sources */,
				A1000000000000000000000E /* TestGeneratorService.swift in Sources */,
				A1000000000000000000000F /* PDFCompilerService.swift in Sources */,
				A10000000000000000000010 /* LaTeXService.swift in Sources */,
				A10000000000000000000011 /* QuesitoWriterService.swift in Sources */,
				A10000000000000000000012 /* QuesitoParserService.swift in Sources */,
				A10000000000000000000013 /* RepositoryService.swift in Sources */,
				A10000000000000000000014 /* Quesito.swift in Sources */,
				A10000000000000000000015 /* Materia.swift in Sources */,
				A10000000000000000000016 /* AppError.swift in Sources */,
			);
			runOnlyForDeploymentPostprocessing = 0;
		};
/* End PBXSourcesBuildPhase section */

/* Begin XCBuildConfiguration section */
		F10000000000000000000003 /* Debug */ = {
			isa = XCBuildConfiguration;
			buildSettings = {
				ALWAYS_SEARCH_USER_PATHS = NO;
				CLANG_ENABLE_MODULES = YES;
				CODE_SIGN_STYLE = Automatic;
				COPY_PHASE_STRIP = NO;
				DEBUG_INFORMATION_FORMAT = dwarf;
				ENABLE_APP_SANDBOX = NO;
				GENERATE_INFOPLIST_FILE = YES;
				INFOPLIST_KEY_CFBundleDisplayName = "VTI";
				INFOPLIST_KEY_LSApplicationCategoryType = "public.app-category.education";
				INFOPLIST_KEY_NSHumanReadableCopyright = "";
				MACOSX_DEPLOYMENT_TARGET = 13.0;
				PRODUCT_BUNDLE_IDENTIFIER = com.cursor.vti.macos;
				PRODUCT_NAME = "$(TARGET_NAME)";
				SDKROOT = macosx;
				SWIFT_EMIT_LOC_STRINGS = YES;
				SWIFT_VERSION = 5.0;
			};
			name = Debug;
		};
		F10000000000000000000004 /* Release */ = {
			isa = XCBuildConfiguration;
			buildSettings = {
				ALWAYS_SEARCH_USER_PATHS = NO;
				CLANG_ENABLE_MODULES = YES;
				CODE_SIGN_STYLE = Automatic;
				DEBUG_INFORMATION_FORMAT = "dwarf-with-dsym";
				ENABLE_APP_SANDBOX = NO;
				GENERATE_INFOPLIST_FILE = YES;
				INFOPLIST_KEY_CFBundleDisplayName = "VTI";
				INFOPLIST_KEY_LSApplicationCategoryType = "public.app-category.education";
				INFOPLIST_KEY_NSHumanReadableCopyright = "";
				MACOSX_DEPLOYMENT_TARGET = 13.0;
				PRODUCT_BUNDLE_IDENTIFIER = com.cursor.vti.macos;
				PRODUCT_NAME = "$(TARGET_NAME)";
				SDKROOT = macosx;
				SWIFT_EMIT_LOC_STRINGS = YES;
				SWIFT_VERSION = 5.0;
			};
			name = Release;
		};
		F10000000000000000000005 /* Debug */ = {
			isa = XCBuildConfiguration;
			buildSettings = {
				ASSETCATALOG_COMPILER_APPICON_NAME = AppIcon;
				CODE_SIGN_STYLE = Automatic;
				CURRENT_PROJECT_VERSION = 1;
				ENABLE_APP_SANDBOX = NO;
				GENERATE_INFOPLIST_FILE = YES;
				MARKETING_VERSION = 1.0;
				PRODUCT_BUNDLE_IDENTIFIER = com.cursor.vti.macos;
				PRODUCT_NAME = "$(TARGET_NAME)";
				SDKROOT = macosx;
				SWIFT_VERSION = 5.0;
			};
			name = Debug;
		};
		F10000000000000000000006 /* Release */ = {
			isa = XCBuildConfiguration;
			buildSettings = {
				ASSETCATALOG_COMPILER_APPICON_NAME = AppIcon;
				CODE_SIGN_STYLE = Automatic;
				CURRENT_PROJECT_VERSION = 1;
				ENABLE_APP_SANDBOX = NO;
				GENERATE_INFOPLIST_FILE = YES;
				MARKETING_VERSION = 1.0;
				PRODUCT_BUNDLE_IDENTIFIER = com.cursor.vti.macos;
				PRODUCT_NAME = "$(TARGET_NAME)";
				SDKROOT = macosx;
				SWIFT_VERSION = 5.0;
			};
			name = Release;
		};
/* End XCBuildConfiguration section */

/* Begin XCConfigurationList section */
		F10000000000000000000001 /* Build configuration list for PBXProject "VTI" */ = {
			isa = XCConfigurationList;
			buildConfigurations = (
				F10000000000000000000003 /* Debug */,
				F10000000000000000000004 /* Release */,
			);
			defaultConfigurationIsVisible = 0;
			defaultConfigurationName = Release;
		};
		F10000000000000000000002 /* Build configuration list for PBXNativeTarget "VTI" */ = {
			isa = XCConfigurationList;
			buildConfigurations = (
				F10000000000000000000005 /* Debug */,
				F10000000000000000000006 /* Release */,
			);
			defaultConfigurationIsVisible = 0;
			defaultConfigurationName = Release;
		};
/* End XCConfigurationList section */
	};
	rootObject = E10000000000000000000002 /* Project object */;
}
